
Microsoft Visual Studio Solution File, Format Version 12.00
# Visual Studio Version 16
VisualStudioVersion = 16.0.31702.278
MinimumVisualStudioVersion = 10.0.40219.1
Project("{FAE04EC0-301F-11D3-BF4B-00C04F79EFBC}") = "QuanLyBanHang", "QuanLyBanHang.csproj", "{C3A4FA9E-5575-4537-9C5A-889E7E2091D7}"
EndProject
Global
	GlobalSection(SolutionConfigurationPlatforms) = preSolution
		Debug|Any CPU = Debug|Any CPU
		Release|Any CPU = Release|Any CPU
	EndGlobalSection
	GlobalSection(ProjectConfigurationPlatforms) = postSolution
		{C3A4FA9E-5575-4537-9C5A-889E7E2091D7}.Debug|Any CPU.ActiveCfg = Debug|Any CPU
		{C3A4FA9E-5575-4537-9C5A-889E7E2091D7}.Debug|Any CPU.Build.0 = Debug|Any CPU
		{C3A4FA9E-5575-4537-9C5A-889E7E2091D7}.Release|Any CPU.ActiveCfg = Release|Any CPU
		{C3A4FA9E-5575-4537-9C5A-889E7E2091D7}.Release|Any CPU.Build.0 = Release|Any CPU
	EndGlobalSection
	GlobalSection(SolutionProperties) = preSolution
		HideSolutionNode = FALSE
	EndGlobalSection
	GlobalSection(ExtensibilityGlobals) = postSolution
		SolutionGuid = {52B90618-9251-4307-B088-1B8DCD60F1DF}
	EndGlobalSection
EndGlobal
